
Microsoft Visual Studio Solution File, Format Version 12.00
# Visual Studio Version 17
VisualStudioVersion = 17.14.36221.1
MinimumVisualStudioVersion = 10.0.40219.1
Project("{FAE04EC0-301F-11D3-BF4B-00C04F79EFBC}") = "BeastBoards", ".\BeastBoards\BeastBoards.csproj", "{428F7093-FE37-41C6-93BB-F520594B50AA}"
EndProject
Project("{FAE04EC0-301F-11D3-BF4B-00C04F79EFBC}") = "BeastBoards.Api", ".\BeastBoards.Api\BeastBoards.Api.csproj", "{B96D2DD2-2C47-412D-BE0A-6D7D8C8C3F88}"
EndProject
Global
	GlobalSection(SolutionConfigurationPlatforms) = preSolution
		Api_Release|Any CPU = Api_Release|Any CPU
		Mod_MelonLoader|Any CPU = Mod_MelonLoader|Any CPU
		Api_Debug|Any CPU = Api_Debug|Any CPU
		Mod_BepInEx|Any CPU = Mod_BepInEx|Any CPU
	EndGlobalSection
	GlobalSection(ProjectConfigurationPlatforms) = postSolution
		{B96D2DD2-2C47-412D-BE0A-6D7D8C8C3F88}.Api_Release|Any CPU.ActiveCfg = Api_Release|Any CPU
		{B96D2DD2-2C47-412D-BE0A-6D7D8C8C3F88}.Api_Release|Any CPU.Build.0 = Api_Release|Any CPU
		{B96D2DD2-2C47-412D-BE0A-6D7D8C8C3F88}.Api_Debug|Any CPU.ActiveCfg = Api_Debug|Any CPU
		{B96D2DD2-2C47-412D-BE0A-6D7D8C8C3F88}.Api_Debug|Any CPU.Build.0 = Api_Debug|Any CPU
		{428F7093-FE37-41C6-93BB-F520594B50AA}.Mod_BepInEx|Any CPU.ActiveCfg = Mod_BepInEx|Any CPU
		{428F7093-FE37-41C6-93BB-F520594B50AA}.Mod_BepInEx|Any CPU.Build.0 = Mod_BepInEx|Any CPU
		{428F7093-FE37-41C6-93BB-F520594B50AA}.Mod_MelonLoader|Any CPU.ActiveCfg = Mod_MelonLoader|Any CPU
		{428F7093-FE37-41C6-93BB-F520594B50AA}.Mod_MelonLoader|Any CPU.Build.0 = Mod_MelonLoader|Any CPU
		{428F7093-FE37-41C6-93BB-F520594B50AA}.Api_Debug|Any CPU.ActiveCfg = Mod_BepInEx|Any CPU
		{428F7093-FE37-41C6-93BB-F520594B50AA}.Api_Release|Any CPU.ActiveCfg = Mod_BepInEx|Any CPU
	EndGlobalSection
	GlobalSection(SolutionProperties) = preSolution
		HideSolutionNode = FALSE
	EndGlobalSection
	GlobalSection(ExtensibilityGlobals) = postSolution
		SolutionGuid = {F9704D20-5CE3-4979-94A9-D02D51710D17}
	EndGlobalSection
EndGlobal
